lockfileVersion: '9.0'

settings:
  autoInstallPeers: true
  excludeLinksFromLockfile: false

overrides:
  '@tauri-apps/api': 2.10.1

importers:

  .:
    dependencies:
      '@tauri-apps/api':
        specifier: 2.10.1
        version: 2.10.1
    devDependencies:
      husky:
        specifier: ^9.1.7
        version: 9.1.7

packages:

  '@tauri-apps/api@2.10.1':
    resolution: {integrity: sha512-hKL/jWf293UDSUN09rR69hrToyIXBb8CjGaWC7gfinvnQrBVvnLr08FeFi38gxtugAVyVcTa5/FD/Xnkb1siBw==}

  husky@9.1.7:
    resolution: {integrity: sha512-5gs5ytaNjBrh5Ow3zrvdUUY+0VxIuWVL4i9irt6friV+BqdCfmV11CQTWMiBYWHbXhco+J1kHfTOUkePhCDvMA==}
    engines: {node: '>=18'}
    hasBin: true

snapshots:

  '@tauri-apps/api@2.10.1': {}

  husky@9.1.7: {}
